
Microsoft Visual Studio Solution File, Format Version 12.00
# Visual Studio 15
VisualStudioVersion = 15.0.26124.0
MinimumVisualStudioVersion = 15.0.26124.0
Project("{2150E333-8FDC-42A3-9474-1A3956D46DE8}") = "src", "src", "{497865F5-69CC-4DEF-8F82-3D1BD612DD54}"
EndProject
Project("{FAE04EC0-301F-11D3-BF4B-00C04F79EFBC}") = "Identity.API", "src\Identity.API\Identity.API.csproj", "{991684BC-9EC2-4716-9666-ABA105508E88}"
EndProject
Project("{FAE04EC0-301F-11D3-BF4B-00C04F79EFBC}") = "Produce.API", "src\Produce.API\Produce.API.csproj", "{EB7549B6-BE20-48C3-9E8C-BC4F1B13E4A3}"
EndProject
Project("{FAE04EC0-301F-11D3-BF4B-00C04F79EFBC}") = "ClientCredentialsFlow.Client", "src\ClientCredentialsFlow.Client\ClientCredentialsFlow.Client.csproj", "{DC973843-A5F1-4BF9-AAB1-53A1C7EE3658}"
EndProject
Global
	GlobalSection(SolutionConfigurationPlatforms) = preSolution
		Debug|Any CPU = Debug|Any CPU
		Debug|x64 = Debug|x64
		Debug|x86 = Debug|x86
		Release|Any CPU = Release|Any CPU
		Release|x64 = Release|x64
		Release|x86 = Release|x86
	EndGlobalSection
	GlobalSection(SolutionProperties) = preSolution
		HideSolutionNode = FALSE
	EndGlobalSection
	GlobalSection(ProjectConfigurationPlatforms) = postSolution
		{991684BC-9EC2-4716-9666-ABA105508E88}.Debug|Any CPU.ActiveCfg = Debug|Any CPU
		{991684BC-9EC2-4716-9666-ABA105508E88}.Debug|Any CPU.Build.0 = Debug|Any CPU
		{991684BC-9EC2-4716-9666-ABA105508E88}.Debug|x64.ActiveCfg = Debug|Any CPU
		{991684BC-9EC2-4716-9666-ABA105508E88}.Debug|x64.Build.0 = Debug|Any CPU
		{991684BC-9EC2-4716-9666-ABA105508E88}.Debug|x86.ActiveCfg = Debug|Any CPU
		{991684BC-9EC2-4716-9666-ABA105508E88}.Debug|x86.Build.0 = Debug|Any CPU
		{991684BC-9EC2-4716-9666-ABA105508E88}.Release|Any CPU.ActiveCfg = Release|Any CPU
		{991684BC-9EC2-4716-9666-ABA105508E88}.Release|Any CPU.Build.0 = Release|Any CPU
		{991684BC-9EC2-4716-9666-ABA105508E88}.Release|x64.ActiveCfg = Release|Any CPU
		{991684BC-9EC2-4716-9666-ABA105508E88}.Release|x64.Build.0 = Release|Any CPU
		{991684BC-9EC2-4716-9666-ABA105508E88}.Release|x86.ActiveCfg = Release|Any CPU
		{991684BC-9EC2-4716-9666-ABA105508E88}.Release|x86.Build.0 = Release|Any CPU
		{EB7549B6-BE20-48C3-9E8C-BC4F1B13E4A3}.Debug|Any CPU.ActiveCfg = Debug|Any CPU
		{EB7549B6-BE20-48C3-9E8C-BC4F1B13E4A3}.Debug|Any CPU.Build.0 = Debug|Any CPU
		{EB7549B6-BE20-48C3-9E8C-BC4F1B13E4A3}.Debug|x64.ActiveCfg = Debug|Any CPU
		{EB7549B6-BE20-48C3-9E8C-BC4F1B13E4A3}.Debug|x64.Build.0 = Debug|Any CPU
		{EB7549B6-BE20-48C3-9E8C-BC4F1B13E4A3}.Debug|x86.ActiveCfg = Debug|Any CPU
		{EB7549B6-BE20-48C3-9E8C-BC4F1B13E4A3}.Debug|x86.Build.0 = Debug|Any CPU
		{EB7549B6-BE20-48C3-9E8C-BC4F1B13E4A3}.Release|Any CPU.ActiveCfg = Release|Any CPU
		{EB7549B6-BE20-48C3-9E8C-BC4F1B13E4A3}.Release|Any CPU.Build.0 = Release|Any CPU
		{EB7549B6-BE20-48C3-9E8C-BC4F1B13E4A3}.Release|x64.ActiveCfg = Release|Any CPU
		{EB7549B6-BE20-48C3-9E8C-BC4F1B13E4A3}.Release|x64.Build.0 = Release|Any CPU
		{EB7549B6-BE20-48C3-9E8C-BC4F1B13E4A3}.Release|x86.ActiveCfg = Release|Any CPU
		{EB7549B6-BE20-48C3-9E8C-BC4F1B13E4A3}.Release|x86.Build.0 = Release|Any CPU
		{DC973843-A5F1-4BF9-AAB1-53A1C7EE3658}.Debug|Any CPU.ActiveCfg = Debug|Any CPU
		{DC973843-A5F1-4BF9-AAB1-53A1C7EE3658}.Debug|Any CPU.Build.0 = Debug|Any CPU
		{DC973843-A5F1-4BF9-AAB1-53A1C7EE3658}.Debug|x64.ActiveCfg = Debug|Any CPU
		{DC973843-A5F1-4BF9-AAB1-53A1C7EE3658}.Debug|x64.Build.0 = Debug|Any CPU
		{DC973843-A5F1-4BF9-AAB1-53A1C7EE3658}.Debug|x86.ActiveCfg = Debug|Any CPU
		{DC973843-A5F1-4BF9-AAB1-53A1C7EE3658}.Debug|x86.Build.0 = Debug|Any CPU
		{DC973843-A5F1-4BF9-AAB1-53A1C7EE3658}.Release|Any CPU.ActiveCfg = Release|Any CPU
		{DC973843-A5F1-4BF9-AAB1-53A1C7EE3658}.Release|Any CPU.Build.0 = Release|Any CPU
		{DC973843-A5F1-4BF9-AAB1-53A1C7EE3658}.Release|x64.ActiveCfg = Release|Any CPU
		{DC973843-A5F1-4BF9-AAB1-53A1C7EE3658}.Release|x64.Build.0 = Release|Any CPU
		{DC973843-A5F1-4BF9-AAB1-53A1C7EE3658}.Release|x86.ActiveCfg = Release|Any CPU
		{DC973843-A5F1-4BF9-AAB1-53A1C7EE3658}.Release|x86.Build.0 = Release|Any CPU
	EndGlobalSection
	GlobalSection(NestedProjects) = preSolution
		{991684BC-9EC2-4716-9666-ABA105508E88} = {497865F5-69CC-4DEF-8F82-3D1BD612DD54}
		{EB7549B6-BE20-48C3-9E8C-BC4F1B13E4A3} = {497865F5-69CC-4DEF-8F82-3D1BD612DD54}
		{DC973843-A5F1-4BF9-AAB1-53A1C7EE3658} = {497865F5-69CC-4DEF-8F82-3D1BD612DD54}
	EndGlobalSection
EndGlobal
